
Microsoft Visual Studio Solution File, Format Version 12.00
# Visual Studio Version 17
VisualStudioVersion = 17.6.33829.357
MinimumVisualStudioVersion = 10.0.40219.1
Project("{9A19103F-16F7-4668-BE54-9A1E7A4F7556}") = "BlazorEcommerce.Server", "BlazorEcommerce\Server\BlazorEcommerce.Server.csproj", "{48D1647D-42E1-4ACC-B90D-23937B8B78C2}"
EndProject
Project("{9A19103F-16F7-4668-BE54-9A1E7A4F7556}") = "BlazorEcommerce.Client", "BlazorEcommerce\Client\BlazorEcommerce.Client.csproj", "{A796F1C3-D025-4E9A-A1EF-2EA094A13D36}"
EndProject
Project("{9A19103F-16F7-4668-BE54-9A1E7A4F7556}") = "BlazorEcommerce.Shared", "BlazorEcommerce\Shared\BlazorEcommerce.Shared.csproj", "{4A3C39D2-C1E9-47FE-B2AB-7B78747878BB}"
EndProject
Global
	GlobalSection(SolutionConfigurationPlatforms) = preSolution
		Debug|Any CPU = Debug|Any CPU
		Release|Any CPU = Release|Any CPU
	EndGlobalSection
	GlobalSection(ProjectConfigurationPlatforms) = postSolution
		{48D1647D-42E1-4ACC-B90D-23937B8B78C2}.Debug|Any CPU.ActiveCfg = Debug|Any CPU
		{48D1647D-42E1-4ACC-B90D-23937B8B78C2}.Debug|Any CPU.Build.0 = Debug|Any CPU
		{48D1647D-42E1-4ACC-B90D-23937B8B78C2}.Release|Any CPU.ActiveCfg = Release|Any CPU
		{48D1647D-42E1-4ACC-B90D-23937B8B78C2}.Release|Any CPU.Build.0 = Release|Any CPU
		{A796F1C3-D025-4E9A-A1EF-2EA094A13D36}.Debug|Any CPU.ActiveCfg = Debug|Any CPU
		{A796F1C3-D025-4E9A-A1EF-2EA094A13D36}.Debug|Any CPU.Build.0 = Debug|Any CPU
		{A796F1C3-D025-4E9A-A1EF-2EA094A13D36}.Release|Any CPU.ActiveCfg = Release|Any CPU
		{A796F1C3-D025-4E9A-A1EF-2EA094A13D36}.Release|Any CPU.Build.0 = Release|Any CPU
		{4A3C39D2-C1E9-47FE-B2AB-7B78747878BB}.Debug|Any CPU.ActiveCfg = Debug|Any CPU
		{4A3C39D2-C1E9-47FE-B2AB-7B78747878BB}.Debug|Any CPU.Build.0 = Debug|Any CPU
		{4A3C39D2-C1E9-47FE-B2AB-7B78747878BB}.Release|Any CPU.ActiveCfg = Release|Any CPU
		{4A3C39D2-C1E9-47FE-B2AB-7B78747878BB}.Release|Any CPU.Build.0 = Release|Any CPU
	EndGlobalSection
	GlobalSection(SolutionProperties) = preSolution
		HideSolutionNode = FALSE
	EndGlobalSection
	GlobalSection(ExtensibilityGlobals) = postSolution
		SolutionGuid = {145C017B-B97D-4C60-946B-23E1570ADA83}
	EndGlobalSection
EndGlobal
